# This file is generated by running "yarn install" inside your project.
# Manual changes might be lost - proceed with caution!

__metadata:
  version: 8
  cacheKey: 10c0

"bulma@npm:^1.0.4":
  version: 1.0.4
  resolution: "bulma@npm:1.0.4"
  checksum: 10c0/5a9bf48c6681181fce6fe06d1744272938cc81d4356314d9c4eee3ddbd1fac6ac678cb640b2fe58aec47f907ff273231b246b9cd66d1894b40c3a89a68fb3a68
  languageName: node
  linkType: hard

"evanlori-dot-com@workspace:.":
  version: 0.0.0-use.local
  resolution: "evanlori-dot-com@workspace:."
  dependencies:
    bulma: "npm:^1.0.4"
    remixicon: "npm:^4.6.0"
    simple-icons-font: "npm:^15.5.0"
  languageName: unknown
  linkType: soft

"remixicon@npm:^4.6.0":
  version: 4.6.0
  resolution: "remixicon@npm:4.6.0"
  checksum: 10c0/940b898cb9db5c2706b54a23244223991f1b746866452cff1e9604d602ccb64872babab046b63d9958fdc33c896e329f9b4a5cddc5c70793fe03940ecea82a24
  languageName: node
  linkType: hard

"simple-icons-font@npm:^15.5.0":
  version: 15.5.0
  resolution: "simple-icons-font@npm:15.5.0"
  checksum: 10c0/5e43abb6fb3b8533898fb1db4140456220b6909a55035876cd792c78bc64a20cc0f6ad1a899cee99f54ef6ccfe04d7cdbfbac043a3d40f304cc4642e47cbc5f0
  languageName: node
  linkType: hard
