# THIS IS AN AUTOGENERATED FILE. DO NOT EDIT THIS FILE DIRECTLY.
# yarn lockfile v1


"Font-Awesome@https://github.com/FortAwesome/Font-Awesome":
  version "0.0.0"
  resolved "https://github.com/FortAwesome/Font-Awesome#31281606f5205b0191c17c3b4d2d56e1ddbb2dc6"

bulma-carousel@^1.0.11:
  version "1.0.11"
  resolved "https://registry.yarnpkg.com/bulma-carousel/-/bulma-carousel-1.0.11.tgz#6a57069afed0377d2e45ee8bf2ff5c75c198075e"

bulma-divider@^1.0.1:
  version "1.0.1"
  resolved "https://registry.yarnpkg.com/bulma-divider/-/bulma-divider-1.0.1.tgz#9b5e537f812b1090033745c6b993253f8e5f429f"

bulma@^0.6.2:
  version "0.6.2"
  resolved "https://registry.yarnpkg.com/bulma/-/bulma-0.6.2.tgz#f4b1d11d5acc51a79644eb0a2b0b10649d3d71f5"

jquery@^3.5.0:
  version "3.5.0"
  resolved "https://registry.yarnpkg.com/jquery/-/jquery-3.5.0.tgz#9980b97d9e4194611c36530e7dc46a58d7340fc9"

sass-material-colors@^0.0.5:
  version "0.0.5"
  resolved "https://registry.yarnpkg.com/sass-material-colors/-/sass-material-colors-0.0.5.tgz#b944539236c94e2d4ece35d2ee3fa22f10b2ed43"
